// !$*UTF8*$!
{
	archiveVersion = 1;
	classes = {
	};
	objectVersion = 46;
	objects = {

/* Begin PBXBuildFile section */
		E379E43E1F5D32A600DD1837 /* AppDelegate.swift in Sources */ = {isa = PBXBuildFile; fileRef = E379E43D1F5D32A600DD1837 /* AppDelegate.swift */; };
		E379E4401F5D32A600DD1837 /* ViewController.swift in Sources */ = {isa = PBXBuildFile; fileRef = E379E43F1F5D32A600DD1837 /* ViewController.swift */; };
		E379E4431F5D32A600DD1837 /* Main.storyboard in Resources */ = {isa = PBXBuildFile; fileRef = E379E4411F5D32A600DD1837 /* Main.storyboard */; };
		E379E4451F5D32A700DD1837 /* Assets.xcassets in Resources */ = {isa = PBXBuildFile; fileRef = E379E4441F5D32A700DD1837 /* Assets.xcassets */; };
		E379E4481F5D32A700DD1837 /* LaunchScreen.storyboard in Resources */ = {isa = PBXBuildFile; fileRef = E379E4461F5D32A700DD1837 /* LaunchScreen.storyboard */; };
		E379E4531F5D32A700DD1837 /* sampleActionSheetTests.swift in Sources */ = {isa = PBXBuildFile; fileRef = E379E4521F5D32A700DD1837 /* sampleActionSheetTests.swift */; };
		E379E45E1F5D32A700DD1837 /* sampleActionSheetUITests.swift in Sources */ = {isa = PBXBuildFile; fileRef = E379E45D1F5D32A700DD1837 /* sampleActionSheetUITests.swift */; };
/* End PBXBuildFile section */

/* Begin PBXContainerItemProxy section */
		E379E44F1F5D32A700DD1837 /* PBXContainerItemProxy */ = {
			isa = PBXContainerItemProxy;
			containerPortal = E379E4321F5D32A600DD1837 /* Project object */;
			proxyType = 1;
			remoteGlobalIDString = E379E4391F5D32A600DD1837;
			remoteInfo = sampleActionSheet;
		};
		E379E45A1F5D32A700DD1837 /* PBXContainerItemProxy */ = {
			isa = PBXContainerItemProxy;
			containerPortal = E379E4321F5D32A600DD1837 /* Project object */;
			proxyType = 1;
			remoteGlobalIDString = E379E4391F5D32A600DD1837;
			remoteInfo = sampleActionSheet;
		};
/* End PBXContainerItemProxy section */

/* Begin PBXFileReference section */
		E379E43A1F5D32A600DD1837 /* sampleActionSheet.app */ = {isa = PBXFileReference; explicitFileType = wrapper.application; includeInIndex = 0; path = sampleActionSheet.app; sourceTree = BUILT_PRODUCTS_DIR; };
		E379E43D1F5D32A600DD1837 /* AppDelegate.swift */ = {isa = PBXFileReference; lastKnownFileType = sourcecode.swift; path = AppDelegate.swift; sourceTree = "<group>"; };
		E379E43F1F5D32A600DD1837 /* ViewController.swift */ = {isa = PBXFileReference; lastKnownFileType = sourcecode.swift; path = ViewController.swift; sourceTree = "<group>"; };
		E379E4421F5D32A600DD1837 /* Base */ = {isa = PBXFileReference; lastKnownFileType = file.storyboard; name = Base; path = Base.lproj/Main.storyboard; sourceTree = "<group>"; };
		E379E4441F5D32A700DD1837 /* Assets.xcassets */ = {isa = PBXFileReference; lastKnownFileType = folder.assetcatalog; path = Assets.xcassets; sourceTree = "<group>"; };
		E379E4471F5D32A700DD1837 /* Base */ = {isa = PBXFileReference; lastKnownFileType = file.storyboard; name = Base; path = Base.lproj/LaunchScreen.storyboard; sourceTree = "<group>"; };
		E379E4491F5D32A700DD1837 /* Info.plist */ = {isa = PBXFileReference; lastKnownFileType = text.plist.xml; path = Info.plist; sourceTree = "<group>"; };
		E379E44E1F5D32A700DD1837 /* sampleActionSheetTests.xctest */ = {isa = PBXFileReference; explicitFileType = wrapper.cfbundle; includeInIndex = 0; path = sampleActionSheetTests.xctest; sourceTree = BUILT_PRODUCTS_DIR; };
		E379E4521F5D32A700DD1837 /* sampleActionSheetTests.swift */ = {isa = PBXFileReference; lastKnownFileType = sourcecode.swift; path = sampleActionSheetTests.swift; sourceTree = "<group>"; };
		E379E4541F5D32A700DD1837 /* Info.plist */ = {isa = PBXFileReference; lastKnownFileType = text.plist.xml; path = Info.plist; sourceTree = "<group>"; };
		E379E4591F5D32A700DD1837 /* sampleActionSheetUITests.xctest */ = {isa = PBXFileReference; explicitFileType = wrapper.cfbundle; includeInIndex = 0; path = sampleActionSheetUITests.xctest; sourceTree = BUILT_PRODUCTS_DIR; };
		E379E45D1F5D32A700DD1837 /* sampleActionSheetUITests.swift */ = {isa = PBXFileReference; lastKnownFileType = sourcecode.swift; path = sampleActionSheetUITests.swift; sourceTree = "<group>"; };
		E379E45F1F5D32A700DD1837 /* Info.plist */ = {isa = PBXFileReference; lastKnownFileType = text.plist.xml; path = Info.plist; sourceTree = "<group>"; };
/* End PBXFileReference section */

/* Begin PBXFrameworksBuildPhase section */
		E379E4371F5D32A600DD1837 /* Frameworks */ = {
			isa = PBXFrameworksBuildPhase;
			buildActionMask = 2147483647;
			files = (
			);
			runOnlyForDeploymentPostprocessing = 0;
		};
		E379E44B1F5D32A700DD1837 /* Frameworks */ = {
			isa = PBXFrameworksBuildPhase;
			buildActionMask = 2147483647;
			files = (
			);
			runOnlyForDeploymentPostprocessing = 0;
		};
		E379E4561F5D32A700DD1837 /* Frameworks */ = {
			isa = PBXFrameworksBuildPhase;
			buildActionMask = 2147483647;
			files = (
			);
			runOnlyForDeploymentPostprocessing = 0;
		};
/* End PBXFrameworksBuildPhase section */

/* Begin PBXGroup section */
		E379E4311F5D32A600DD1837 = {
			isa = PBXGroup;
			children = (
				E379E43C1F5D32A600DD1837 /* sampleActionSheet */,
				E379E4511F5D32A700DD1837 /* sampleActionSheetTests */,
				E379E45C1F5D32A700DD1837 /* sampleActionSheetUITests */,
				E379E43B1F5D32A600DD1837 /* Products */,
			);
			sourceTree = "<group>";
		};
		E379E43B1F5D32A600DD1837 /* Products */ = {
			isa = PBXGroup;
			children = (
				E379E43A1F5D32A600DD1837 /* sampleActionSheet.app */,
				E379E44E1F5D32A700DD1837 /* sampleActionSheetTests.xctest */,
				E379E4591F5D32A700DD1837 /* sampleActionSheetUITests.xctest */,
			);
			name = Products;
			sourceTree = "<group>";
		};
		E379E43C1F5D32A600DD1837 /* sampleActionSheet */ = {
			isa = PBXGroup;
			children = (
				E379E43D1F5D32A600DD1837 /* AppDelegate.swift */,
				E379E43F1F5D32A600DD1837 /* ViewController.swift */,
				E379E4411F5D32A600DD1837 /* Main.storyboard */,
				E379E4441F5D32A700DD1837 /* Assets.xcassets */,
				E379E4461F5D32A700DD1837 /* LaunchScreen.storyboard */,
				E379E4491F5D32A700DD1837 /* Info.plist */,
			);
			path = sampleActionSheet;
			sourceTree = "<group>";
		};
		E379E4511F5D32A700DD1837 /* sampleActionSheetTests */ = {
			isa = PBXGroup;
			children = (
				E379E4521F5D32A700DD1837 /* sampleActionSheetTests.swift */,
				E379E4541F5D32A700DD1837 /* Info.plist */,
			);
			path = sampleActionSheetTests;
			sourceTree = "<group>";
		};
		E379E45C1F5D32A700DD1837 /* sampleActionSheetUITests */ = {
			isa = PBXGroup;
			children = (
				E379E45D1F5D32A700DD1837 /* sampleActionSheetUITests.swift */,
				E379E45F1F5D32A700DD1837 /* Info.plist */,
			);
			path = sampleActionSheetUITests;
			sourceTree = "<group>";
		};
/* End PBXGroup section */

/* Begin PBXNativeTarget section */
		E379E4391F5D32A600DD1837 /* sampleActionSheet */ = {
			isa = PBXNativeTarget;
			buildConfigurationList = E379E4621F5D32A700DD1837 /* Build configuration list for PBXNativeTarget "sampleActionSheet" */;
			buildPhases = (
				E379E4361F5D32A600DD1837 /* Sources */,
				E379E4371F5D32A600DD1837 /* Frameworks */,
				E379E4381F5D32A600DD1837 /* Resources */,
			);
			buildRules = (
			);
			dependencies = (
			);
			name = sampleActionSheet;
			productName = sampleActionSheet;
			productReference = E379E43A1F5D32A600DD1837 /* sampleActionSheet.app */;
			productType = "com.apple.product-type.application";
		};
		E379E44D1F5D32A700DD1837 /* sampleActionSheetTests */ = {
			isa = PBXNativeTarget;
			buildConfigurationList = E379E4651F5D32A700DD1837 /* Build configuration list for PBXNativeTarget "sampleActionSheetTests" */;
			buildPhases = (
				E379E44A1F5D32A700DD1837 /* Sources */,
				E379E44B1F5D32A700DD1837 /* Frameworks */,
				E379E44C1F5D32A700DD1837 /* Resources */,
			);
			buildRules = (
			);
			dependencies = (
				E379E4501F5D32A700DD1837 /* PBXTargetDependency */,
			);
			name = sampleActionSheetTests;
			productName = sampleActionSheetTests;
			productReference = E379E44E1F5D32A700DD1837 /* sampleActionSheetTests.xctest */;
			productType = "com.apple.product-type.bundle.unit-test";
		};
		E379E4581F5D32A700DD1837 /* sampleActionSheetUITests */ = {
			isa = PBXNativeTarget;
			buildConfigurationList = E379E4681F5D32A700DD1837 /* Build configuration list for PBXNativeTarget "sampleActionSheetUITests" */;
			buildPhases = (
				E379E4551F5D32A700DD1837 /* Sources */,
				E379E4561F5D32A700DD1837 /* Frameworks */,
				E379E4571F5D32A700DD1837 /* Resources */,
			);
			buildRules = (
			);
			dependencies = (
				E379E45B1F5D32A700DD1837 /* PBXTargetDependency */,
			);
			name = sampleActionSheetUITests;
			productName = sampleActionSheetUITests;
			productReference = E379E4591F5D32A700DD1837 /* sampleActionSheetUITests.xctest */;
			productType = "com.apple.product-type.bundle.ui-testing";
		};
/* End PBXNativeTarget section */

/* Begin PBXProject section */
		E379E4321F5D32A600DD1837 /* Project object */ = {
			isa = PBXProject;
			attributes = {
				LastSwiftUpdateCheck = 0830;
				LastUpgradeCheck = 0830;
				ORGANIZATIONNAME = mirai;
				TargetAttributes = {
					E379E4391F5D32A600DD1837 = {
						CreatedOnToolsVersion = 8.3.3;
						ProvisioningStyle = Automatic;
					};
					E379E44D1F5D32A700DD1837 = {
						CreatedOnToolsVersion = 8.3.3;
						ProvisioningStyle = Automatic;
						TestTargetID = E379E4391F5D32A600DD1837;
					};
					E379E4581F5D32A700DD1837 = {
						CreatedOnToolsVersion = 8.3.3;
						ProvisioningStyle = Automatic;
						TestTargetID = E379E4391F5D32A600DD1837;
					};
				};
			};
			buildConfigurationList = E379E4351F5D32A600DD1837 /* Build configuration list for PBXProject "sampleActionSheet" */;
			compatibilityVersion = "Xcode 3.2";
			developmentRegion = English;
			hasScannedForEncodings = 0;
			knownRegions = (
				en,
				Base,
			);
			mainGroup = E379E4311F5D32A600DD1837;
			productRefGroup = E379E43B1F5D32A600DD1837 /* Products */;
			projectDirPath = "";
			projectRoot = "";
			targets = (
				E379E4391F5D32A600DD1837 /* sampleActionSheet */,
				E379E44D1F5D32A700DD1837 /* sampleActionSheetTests */,
				E379E4581F5D32A700DD1837 /* sampleActionSheetUITests */,
			);
		};
/* End PBXProject section */

/* Begin PBXResourcesBuildPhase section */
		E379E4381F5D32A600DD1837 /* Resources */ = {
			isa = PBXResourcesBuildPhase;
			buildActionMask = 2147483647;
			files = (
				E379E4481F5D32A700DD1837 /* LaunchScreen.storyboard in Resources */,
				E379E4451F5D32A700DD1837 /* Assets.xcassets in Resources */,
				E379E4431F5D32A600DD1837 /* Main.storyboard in Resources */,
			);
			runOnlyForDeploymentPostprocessing = 0;
		};
		E379E44C1F5D32A700DD1837 /* Resources */ = {
			isa = PBXResourcesBuildPhase;
			buildActionMask = 2147483647;
			files = (
			);
			runOnlyForDeploymentPostprocessing = 0;
		};
		E379E4571F5D32A700DD1837 /* Resources */ = {
			isa = PBXResourcesBuildPhase;
			buildActionMask = 2147483647;
			files = (
			);
			runOnlyForDeploymentPostprocessing = 0;
		};
/* End PBXResourcesBuildPhase section */

/* Begin PBXSourcesBuildPhase section */
		E379E4361F5D32A600DD1837 /* Sources */ = {
			isa = PBXSourcesBuildPhase;
			buildActionMask = 2147483647;
			files = (
				E379E4401F5D32A600DD1837 /* ViewController.swift in Sources */,
				E379E43E1F5D32A600DD1837 /* AppDelegate.swift in Sources */,
			);
			runOnlyForDeploymentPostprocessing = 0;
		};
		E379E44A1F5D32A700DD1837 /* Sources */ = {
			isa = PBXSourcesBuildPhase;
			buildActionMask = 2147483647;
			files = (
				E379E4531F5D32A700DD1837 /* sampleActionSheetTests.swift in Sources */,
			);
			runOnlyForDeploymentPostprocessing = 0;
		};
		E379E4551F5D32A700DD1837 /* Sources */ = {
			isa = PBXSourcesBuildPhase;
			buildActionMask = 2147483647;
			files = (
				E379E45E1F5D32A700DD1837 /* sampleActionSheetUITests.swift in Sources */,
			);
			runOnlyForDeploymentPostprocessing = 0;
		};
/* End PBXSourcesBuildPhase section */

/* Begin PBXTargetDependency section */
		E379E4501F5D32A700DD1837 /* PBXTargetDependency */ = {
			isa = PBXTargetDependency;
			target = E379E4391F5D32A600DD1837 /* sampleActionSheet */;
			targetProxy = E379E44F1F5D32A700DD1837 /* PBXContainerItemProxy */;
		};
		E379E45B1F5D32A700DD1837 /* PBXTargetDependency */ = {
			isa = PBXTargetDependency;
			target = E379E4391F5D32A600DD1837 /* sampleActionSheet */;
			targetProxy = E379E45A1F5D32A700DD1837 /* PBXContainerItemProxy */;
		};
/* End PBXTargetDependency section */

/* Begin PBXVariantGroup section */
		E379E4411F5D32A600DD1837 /* Main.storyboard */ = {
			isa = PBXVariantGroup;
			children = (
				E379E4421F5D32A600DD1837 /* Base */,
			);
			name = Main.storyboard;
			sourceTree = "<group>";
		};
		E379E4461F5D32A700DD1837 /* LaunchScreen.storyboard */ = {
			isa = PBXVariantGroup;
			children = (
				E379E4471F5D32A700DD1837 /* Base */,
			);
			name = LaunchScreen.storyboard;
			sourceTree = "<group>";
		};
/* End PBXVariantGroup section */

/* Begin XCBuildConfiguration section */
		E379E4601F5D32A700DD1837 /* Debug */ = {
			isa = XCBuildConfiguration;
			buildSettings = {
				ALWAYS_SEARCH_USER_PATHS = NO;
				CLANG_ANALYZER_NONNULL = YES;
				CLANG_ANALYZER_NUMBER_OBJECT_CONVERSION = YES_AGGRESSIVE;
				CLANG_CXX_LANGUAGE_STANDARD = "gnu++0x";
				CLANG_CXX_LIBRARY = "libc++";
				CLANG_ENABLE_MODULES = YES;
				CLANG_ENABLE_OBJC_ARC = YES;
				CLANG_WARN_BOOL_CONVERSION = YES;
				CLANG_WARN_CONSTANT_CONVERSION = YES;
				CLANG_WARN_DIRECT_OBJC_ISA_USAGE = YES_ERROR;
				CLANG_WARN_DOCUMENTATION_COMMENTS = YES;
				CLANG_WARN_EMPTY_BODY = YES;
				CLANG_WARN_ENUM_CONVERSION = YES;
				CLANG_WARN_INFINITE_RECURSION = YES;
				CLANG_WARN_INT_CONVERSION = YES;
				CLANG_WARN_OBJC_ROOT_CLASS = YES_ERROR;
				CLANG_WARN_SUSPICIOUS_MOVE = YES;
				CLANG_WARN_UNREACHABLE_CODE = YES;
				CLANG_WARN__DUPLICATE_METHOD_MATCH = YES;
				"CODE_SIGN_IDENTITY[sdk=iphoneos*]" = "iPhone Developer";
				COPY_PHASE_STRIP = NO;
				DEBUG_INFORMATION_FORMAT = dwarf;
				ENABLE_STRICT_OBJC_MSGSEND = YES;
				ENABLE_TESTABILITY = YES;
				GCC_C_LANGUAGE_STANDARD = gnu99;
				GCC_DYNAMIC_NO_PIC = NO;
				GCC_NO_COMMON_BLOCKS = YES;
				GCC_OPTIMIZATION_LEVEL = 0;
				GCC_PREPROCESSOR_DEFINITIONS = (
					"DEBUG=1",
					"$(inherited)",
				);
				GCC_WARN_64_TO_32_BIT_CONVERSION = YES;
				GCC_WARN_ABOUT_RETURN_TYPE = YES_ERROR;
				GCC_WARN_UNDECLARED_SELECTOR = YES;
				GCC_WARN_UNINITIALIZED_AUTOS = YES_AGGRESSIVE;
				GCC_WARN_UNUSED_FUNCTION = YES;
				GCC_WARN_UNUSED_VARIABLE = YES;
				IPHONEOS_DEPLOYMENT_TARGET = 10.3;
				MTL_ENABLE_DEBUG_INFO = YES;
				ONLY_ACTIVE_ARCH = YES;
				SDKROOT = iphoneos;
				SWIFT_ACTIVE_COMPILATION_CONDITIONS = DEBUG;
				SWIFT_OPTIMIZATION_LEVEL = "-Onone";
				TARGETED_DEVICE_FAMILY = "1,2";
			};
			name = Debug;
		};
		E379E4611F5D32A700DD1837 /* Release */ = {
			isa = XCBuildConfiguration;
			buildSettings = {
				ALWAYS_SEARCH_USER_PATHS = NO;
				CLANG_ANALYZER_NONNULL = YES;
				CLANG_ANALYZER_NUMBER_OBJECT_CONVERSION = YES_AGGRESSIVE;
				CLANG_CXX_LANGUAGE_STANDARD = "gnu++0x";
				CLANG_CXX_LIBRARY = "libc++";
				CLANG_ENABLE_MODULES = YES;
				CLANG_ENABLE_OBJC_ARC = YES;
				CLANG_WARN_BOOL_CONVERSION = YES;
				CLANG_WARN_CONSTANT_CONVERSION = YES;
				CLANG_WARN_DIRECT_OBJC_ISA_USAGE = YES_ERROR;
				CLANG_WARN_DOCUMENTATION_COMMENTS = YES;
				CLANG_WARN_EMPTY_BODY = YES;
				CLANG_WARN_ENUM_CONVERSION = YES;
				CLANG_WARN_INFINITE_RECURSION = YES;
				CLANG_WARN_INT_CONVERSION = YES;
				CLANG_WARN_OBJC_ROOT_CLASS = YES_ERROR;
				CLANG_WARN_SUSPICIOUS_MOVE = YES;
				CLANG_WARN_UNREACHABLE_CODE = YES;
				CLANG_WARN__DUPLICATE_METHOD_MATCH = YES;
				"CODE_SIGN_IDENTITY[sdk=iphoneos*]" = "iPhone Developer";
				COPY_PHASE_STRIP = NO;
				DEBUG_INFORMATION_FORMAT = "dwarf-with-dsym";
				ENABLE_NS_ASSERTIONS = NO;
				ENABLE_STRICT_OBJC_MSGSEND = YES;
				GCC_C_LANGUAGE_STANDARD = gnu99;
				GCC_NO_COMMON_BLOCKS = YES;
				GCC_WARN_64_TO_32_BIT_CONVERSION = YES;
				GCC_WARN_ABOUT_RETURN_TYPE = YES_ERROR;
				GCC_WARN_UNDECLARED_SELECTOR = YES;
				GCC_WARN_UNINITIALIZED_AUTOS = YES_AGGRESSIVE;
				GCC_WARN_UNUSED_FUNCTION = YES;
				GCC_WARN_UNUSED_VARIABLE = YES;
				IPHONEOS_DEPLOYMENT_TARGET = 10.3;
				MTL_ENABLE_DEBUG_INFO = NO;
				SDKROOT = iphoneos;
				SWIFT_OPTIMIZATION_LEVEL = "-Owholemodule";
				TARGETED_DEVICE_FAMILY = "1,2";
				VALIDATE_PRODUCT = YES;
			};
			name = Release;
		};
		E379E4631F5D32A700DD1837 /* Debug */ = {
			isa = XCBuildConfiguration;
			buildSettings = {
				ASSETCATALOG_COMPILER_APPICON_NAME = AppIcon;
				INFOPLIST_FILE = sampleActionSheet/Info.plist;
				LD_RUNPATH_SEARCH_PATHS = "$(inherited) @executable_path/Frameworks";
				PRODUCT_BUNDLE_IDENTIFIER = "jp.ne.ezweb-5829sphykatoryo.sampleActionSheet";
				PRODUCT_NAME = "$(TARGET_NAME)";
				SWIFT_VERSION = 3.0;
			};
			name = Debug;
		};
		E379E4641F5D32A700DD1837 /* Release */ = {
			isa = XCBuildConfiguration;
			buildSettings = {
				ASSETCATALOG_COMPILER_APPICON_NAME = AppIcon;
				INFOPLIST_FILE = sampleActionSheet/Info.plist;
				LD_RUNPATH_SEARCH_PATHS = "$(inherited) @executable_path/Frameworks";
				PRODUCT_BUNDLE_IDENTIFIER = "jp.ne.ezweb-5829sphykatoryo.sampleActionSheet";
				PRODUCT_NAME = "$(TARGET_NAME)";
				SWIFT_VERSION = 3.0;
			};
			name = Release;
		};
		E379E4661F5D32A700DD1837 /* Debug */ = {
			isa = XCBuildConfiguration;
			buildSettings = {
				ALWAYS_EMBED_SWIFT_STANDARD_LIBRARIES = YES;
				BUNDLE_LOADER = "$(TEST_HOST)";
				INFOPLIST_FILE = sampleActionSheetTests/Info.plist;
				LD_RUNPATH_SEARCH_PATHS = "$(inherited) @executable_path/Frameworks @loader_path/Frameworks";
				PRODUCT_BUNDLE_IDENTIFIER = "jp.ne.ezweb-5829sphykatoryo.sampleActionSheetTests";
				PRODUCT_NAME = "$(TARGET_NAME)";
				SWIFT_VERSION = 3.0;
				TEST_HOST = "$(BUILT_PRODUCTS_DIR)/sampleActionSheet.app/sampleActionSheet";
			};
			name = Debug;
		};
		E379E4671F5D32A700DD1837 /* Release */ = {
			isa = XCBuildConfiguration;
			buildSettings = {
				ALWAYS_EMBED_SWIFT_STANDARD_LIBRARIES = YES;
				BUNDLE_LOADER = "$(TEST_HOST)";
				INFOPLIST_FILE = sampleActionSheetTests/Info.plist;
				LD_RUNPATH_SEARCH_PATHS = "$(inherited) @executable_path/Frameworks @loader_path/Frameworks";
				PRODUCT_BUNDLE_IDENTIFIER = "jp.ne.ezweb-5829sphykatoryo.sampleActionSheetTests";
				PRODUCT_NAME = "$(TARGET_NAME)";
				SWIFT_VERSION = 3.0;
				TEST_HOST = "$(BUILT_PRODUCTS_DIR)/sampleActionSheet.app/sampleActionSheet";
			};
			name = Release;
		};
		E379E4691F5D32A700DD1837 /* Debug */ = {
			isa = XCBuildConfiguration;
			buildSettings = {
				ALWAYS_EMBED_SWIFT_STANDARD_LIBRARIES = YES;
				INFOPLIST_FILE = sampleActionSheetUITests/Info.plist;
				LD_RUNPATH_SEARCH_PATHS = "$(inherited) @executable_path/Frameworks @loader_path/Frameworks";
				PRODUCT_BUNDLE_IDENTIFIER = "jp.ne.ezweb-5829sphykatoryo.sampleActionSheetUITests";
				PRODUCT_NAME = "$(TARGET_NAME)";
				SWIFT_VERSION = 3.0;
				TEST_TARGET_NAME = sampleActionSheet;
			};
			name = Debug;
		};
		E379E46A1F5D32A700DD1837 /* Release */ = {
			isa = XCBuildConfiguration;
			buildSettings = {
				ALWAYS_EMBED_SWIFT_STANDARD_LIBRARIES = YES;
				INFOPLIST_FILE = sampleActionSheetUITests/Info.plist;
				LD_RUNPATH_SEARCH_PATHS = "$(inherited) @executable_path/Frameworks @loader_path/Frameworks";
				PRODUCT_BUNDLE_IDENTIFIER = "jp.ne.ezweb-5829sphykatoryo.sampleActionSheetUITests";
				PRODUCT_NAME = "$(TARGET_NAME)";
				SWIFT_VERSION = 3.0;
				TEST_TARGET_NAME = sampleActionSheet;
			};
			name = Release;
		};
/* End XCBuildConfiguration section */

/* Begin XCConfigurationList section */
		E379E4351F5D32A600DD1837 /* Build configuration list for PBXProject "sampleActionSheet" */ = {
			isa = XCConfigurationList;
			buildConfigurations = (
				E379E4601F5D32A700DD1837 /* Debug */,
				E379E4611F5D32A700DD1837 /* Release */,
			);
			defaultConfigurationIsVisible = 0;
			defaultConfigurationName = Release;
		};
		E379E4621F5D32A700DD1837 /* Build configuration list for PBXNativeTarget "sampleActionSheet" */ = {
			isa = XCConfigurationList;
			buildConfigurations = (
				E379E4631F5D32A700DD1837 /* Debug */,
				E379E4641F5D32A700DD1837 /* Release */,
			);
			defaultConfigurationIsVisible = 0;
		};
		E379E4651F5D32A700DD1837 /* Build configuration list for PBXNativeTarget "sampleActionSheetTests" */ = {
			isa = XCConfigurationList;
			buildConfigurations = (
				E379E4661F5D32A700DD1837 /* Debug */,
				E379E4671F5D32A700DD1837 /* Release */,
			);
			defaultConfigurationIsVisible = 0;
		};
		E379E4681F5D32A700DD1837 /* Build configuration list for PBXNativeTarget "sampleActionSheetUITests" */ = {
			isa = XCConfigurationList;
			buildConfigurations = (
				E379E4691F5D32A700DD1837 /* Debug */,
				E379E46A1F5D32A700DD1837 /* Release */,
			);
			defaultConfigurationIsVisible = 0;
		};
/* End XCConfigurationList section */
	};
	rootObject = E379E4321F5D32A600DD1837 /* Project object */;
}
